
Microsoft Visual Studio Solution File, Format Version 12.00
# Visual Studio 15
VisualStudioVersion = 15.0.28010.2003
MinimumVisualStudioVersion = 10.0.40219.1
Project("{FAE04EC0-301F-11D3-BF4B-00C04F79EFBC}") = "Program1", "Program1\Program1.csproj", "{858CDBA1-7FD7-4E74-A3EE-A5B68928C5B1}"
EndProject
Project("{FAE04EC0-301F-11D3-BF4B-00C04F79EFBC}") = "Program2", "Program2\Program2.csproj", "{E7A6162C-E91F-41B8-AAC4-7E473424EAF4}"
EndProject
Global
	GlobalSection(SolutionConfigurationPlatforms) = preSolution
		Debug|Any CPU = Debug|Any CPU
		Release|Any CPU = Release|Any CPU
	EndGlobalSection
	GlobalSection(ProjectConfigurationPlatforms) = postSolution
		{858CDBA1-7FD7-4E74-A3EE-A5B68928C5B1}.Debug|Any CPU.ActiveCfg = Debug|Any CPU
		{858CDBA1-7FD7-4E74-A3EE-A5B68928C5B1}.Debug|Any CPU.Build.0 = Debug|Any CPU
		{858CDBA1-7FD7-4E74-A3EE-A5B68928C5B1}.Release|Any CPU.ActiveCfg = Release|Any CPU
		{858CDBA1-7FD7-4E74-A3EE-A5B68928C5B1}.Release|Any CPU.Build.0 = Release|Any CPU
		{E7A6162C-E91F-41B8-AAC4-7E473424EAF4}.Debug|Any CPU.ActiveCfg = Debug|Any CPU
		{E7A6162C-E91F-41B8-AAC4-7E473424EAF4}.Debug|Any CPU.Build.0 = Debug|Any CPU
		{E7A6162C-E91F-41B8-AAC4-7E473424EAF4}.Release|Any CPU.ActiveCfg = Release|Any CPU
		{E7A6162C-E91F-41B8-AAC4-7E473424EAF4}.Release|Any CPU.Build.0 = Release|Any CPU
	EndGlobalSection
	GlobalSection(SolutionProperties) = preSolution
		HideSolutionNode = FALSE
	EndGlobalSection
	GlobalSection(ExtensibilityGlobals) = postSolution
		SolutionGuid = {7BF6CFAE-CC0A-4944-B13B-9B26E2EFEE9A}
	EndGlobalSection
EndGlobal
